
Microsoft Visual Studio Solution File, Format Version 12.00
# Visual Studio Version 17
VisualStudioVersion = 17.7.34202.233
MinimumVisualStudioVersion = 10.0.40219.1
Project("{FAE04EC0-301F-11D3-BF4B-00C04F79EFBC}") = "DictionaryHomework", "DictionaryHomework\DictionaryHomework.csproj", "{2CABAAA3-0E14-44E8-BF83-896CC1D1E1EB}"
EndProject
Project("{FAE04EC0-301F-11D3-BF4B-00C04F79EFBC}") = "OOP2", "OOP2\OOP2.csproj", "{8614252B-40A9-42C5-8A72-ED17906EABCA}"
EndProject
Project("{FAE04EC0-301F-11D3-BF4B-00C04F79EFBC}") = "OOP3", "OOP3\OOP3.csproj", "{F04D8F2B-D385-45D7-89CA-22EC9498CB15}"
EndProject
Global
	GlobalSection(SolutionConfigurationPlatforms) = preSolution
		Debug|Any CPU = Debug|Any CPU
		Release|Any CPU = Release|Any CPU
	EndGlobalSection
	GlobalSection(ProjectConfigurationPlatforms) = postSolution
		{2CABAAA3-0E14-44E8-BF83-896CC1D1E1EB}.Debug|Any CPU.ActiveCfg = Debug|Any CPU
		{2CABAAA3-0E14-44E8-BF83-896CC1D1E1EB}.Debug|Any CPU.Build.0 = Debug|Any CPU
		{2CABAAA3-0E14-44E8-BF83-896CC1D1E1EB}.Release|Any CPU.ActiveCfg = Release|Any CPU
		{2CABAAA3-0E14-44E8-BF83-896CC1D1E1EB}.Release|Any CPU.Build.0 = Release|Any CPU
		{8614252B-40A9-42C5-8A72-ED17906EABCA}.Debug|Any CPU.ActiveCfg = Debug|Any CPU
		{8614252B-40A9-42C5-8A72-ED17906EABCA}.Debug|Any CPU.Build.0 = Debug|Any CPU
		{8614252B-40A9-42C5-8A72-ED17906EABCA}.Release|Any CPU.ActiveCfg = Release|Any CPU
		{8614252B-40A9-42C5-8A72-ED17906EABCA}.Release|Any CPU.Build.0 = Release|Any CPU
		{F04D8F2B-D385-45D7-89CA-22EC9498CB15}.Debug|Any CPU.ActiveCfg = Debug|Any CPU
		{F04D8F2B-D385-45D7-89CA-22EC9498CB15}.Debug|Any CPU.Build.0 = Debug|Any CPU
		{F04D8F2B-D385-45D7-89CA-22EC9498CB15}.Release|Any CPU.ActiveCfg = Release|Any CPU
		{F04D8F2B-D385-45D7-89CA-22EC9498CB15}.Release|Any CPU.Build.0 = Release|Any CPU
	EndGlobalSection
	GlobalSection(SolutionProperties) = preSolution
		HideSolutionNode = FALSE
	EndGlobalSection
	GlobalSection(ExtensibilityGlobals) = postSolution
		SolutionGuid = {A2E2B47E-EE88-47C6-BFBE-05251DE97D5C}
	EndGlobalSection
EndGlobal
